
Microsoft Visual Studio Solution File, Format Version 12.00
# Visual Studio Version 17
VisualStudioVersion = 17.9.34728.123
MinimumVisualStudioVersion = 10.0.40219.1
Project("{FAE04EC0-301F-11D3-BF4B-00C04F79EFBC}") = "COMP2068JSFrameworks", "COMP2068JSFrameworks\COMP2068JSFrameworks.csproj", "{6114EB8B-EF68-4A92-8538-F47EC387DC89}"
EndProject
Global
	GlobalSection(SolutionConfigurationPlatforms) = preSolution
		Debug|Any CPU = Debug|Any CPU
		Release|Any CPU = Release|Any CPU
	EndGlobalSection
	GlobalSection(ProjectConfigurationPlatforms) = postSolution
		{6114EB8B-EF68-4A92-8538-F47EC387DC89}.Debug|Any CPU.ActiveCfg = Debug|Any CPU
		{6114EB8B-EF68-4A92-8538-F47EC387DC89}.Debug|Any CPU.Build.0 = Debug|Any CPU
		{6114EB8B-EF68-4A92-8538-F47EC387DC89}.Release|Any CPU.ActiveCfg = Release|Any CPU
		{6114EB8B-EF68-4A92-8538-F47EC387DC89}.Release|Any CPU.Build.0 = Release|Any CPU
	EndGlobalSection
	GlobalSection(SolutionProperties) = preSolution
		HideSolutionNode = FALSE
	EndGlobalSection
	GlobalSection(ExtensibilityGlobals) = postSolution
		SolutionGuid = {58BCA01D-2776-44C5-B9AD-666B3B554F53}
	EndGlobalSection
EndGlobal
